
Microsoft Visual Studio Solution File, Format Version 12.00
# Visual Studio Version 16
VisualStudioVersion = 16.0.32510.428
MinimumVisualStudioVersion = 10.0.40219.1
Project("{FAE04EC0-301F-11D3-BF4B-00C04F79EFBC}") = "TowerDefenseServer", "TowerDefenseServer.csproj", "{6CCE11D2-92B1-43B8-B4C5-B372A7E05FC8}"
EndProject
Project("{FAE04EC0-301F-11D3-BF4B-00C04F79EFBC}") = "TowerDefenseClient", "..\TowerDefenseClient\TowerDefenseClient.csproj", "{9659B021-369C-4454-8045-7F8AC4275537}"
EndProject
Project("{FAE04EC0-301F-11D3-BF4B-00C04F79EFBC}") = "TowerDefenseNetworking", "..\Networking\TowerDefenseNetworking.csproj", "{96DF3D3C-499E-4A8C-92B4-42DA7DB97F4C}"
EndProject
Global
	GlobalSection(SolutionConfigurationPlatforms) = preSolution
		Debug|Any CPU = Debug|Any CPU
		Release|Any CPU = Release|Any CPU
	EndGlobalSection
	GlobalSection(ProjectConfigurationPlatforms) = postSolution
		{6CCE11D2-92B1-43B8-B4C5-B372A7E05FC8}.Debug|Any CPU.ActiveCfg = Debug|Any CPU
		{6CCE11D2-92B1-43B8-B4C5-B372A7E05FC8}.Debug|Any CPU.Build.0 = Debug|Any CPU
		{6CCE11D2-92B1-43B8-B4C5-B372A7E05FC8}.Release|Any CPU.ActiveCfg = Release|Any CPU
		{6CCE11D2-92B1-43B8-B4C5-B372A7E05FC8}.Release|Any CPU.Build.0 = Release|Any CPU
		{9659B021-369C-4454-8045-7F8AC4275537}.Debug|Any CPU.ActiveCfg = Debug|Any CPU
		{9659B021-369C-4454-8045-7F8AC4275537}.Debug|Any CPU.Build.0 = Debug|Any CPU
		{9659B021-369C-4454-8045-7F8AC4275537}.Release|Any CPU.ActiveCfg = Release|Any CPU
		{9659B021-369C-4454-8045-7F8AC4275537}.Release|Any CPU.Build.0 = Release|Any CPU
		{96DF3D3C-499E-4A8C-92B4-42DA7DB97F4C}.Debug|Any CPU.ActiveCfg = Debug|Any CPU
		{96DF3D3C-499E-4A8C-92B4-42DA7DB97F4C}.Debug|Any CPU.Build.0 = Debug|Any CPU
		{96DF3D3C-499E-4A8C-92B4-42DA7DB97F4C}.Release|Any CPU.ActiveCfg = Release|Any CPU
		{96DF3D3C-499E-4A8C-92B4-42DA7DB97F4C}.Release|Any CPU.Build.0 = Release|Any CPU
	EndGlobalSection
	GlobalSection(SolutionProperties) = preSolution
		HideSolutionNode = FALSE
	EndGlobalSection
	GlobalSection(ExtensibilityGlobals) = postSolution
		SolutionGuid = {80D26ADA-CAC0-413C-8CFA-B90223D463C9}
	EndGlobalSection
EndGlobal
